{
  "projects": [
    {
      "projectId": "8rq3bpywbirkYcx5PyNhYA",
      "version": "0.0.1",
      "dependencies": {},
      "lang": "ts",
      "fileLocks": [
        {
          "assetId": "8rq3bpywbirkYcx5PyNhYA",
          "type": "projectCss",
          "checksum": "e1ec850476829c38b0f9b6d4f7ac446a"
        },
        {
          "assetId": "8rq3bpywbirkYcx5PyNhYA",
          "checksum": "d52d3490f0e1f04ccacbe785ab612e56",
          "type": "globalContexts"
        }
      ],
      "codegenVersion": "0.0.1"
    },
    {
      "projectId": "ohsqp8PMn5UmAsbkFsEo6g",
      "version": "0.0.1",
      "dependencies": {},
      "lang": "ts",
      "fileLocks": [
        {
          "assetId": "ohsqp8PMn5UmAsbkFsEo6g",
          "type": "projectCss",
          "checksum": "e76cee85e96cb3fff580d5552a47cfe4"
        },
        {
          "assetId": "ohsqp8PMn5UmAsbkFsEo6g",
          "checksum": "becee737420018bc818dc58b7589b982",
          "type": "globalContexts"
        }
      ],
      "codegenVersion": "0.0.1"
    },
    {
      "projectId": "jPA19T4wk6iEnxozV2UKzs",
      "version": "latest",
      "dependencies": {
        "ohsqp8PMn5UmAsbkFsEo6g": "0.0.1",
        "8rq3bpywbirkYcx5PyNhYA": "0.0.1"
      },
      "lang": "ts",
      "fileLocks": [
        {
          "type": "globalVariant",
          "assetId": "-FFzN4WaP16U",
          "checksum": "edcaeb1a20f62b51bccd18e15215807d"
        },
        {
          "assetId": "jPA19T4wk6iEnxozV2UKzs",
          "checksum": "b2e822b850af585b46c4024e2be916ba",
          "type": "globalContexts"
        },
        {
          "type": "renderModule",
          "assetId": "Tn0Te_MMnNx_",
          "checksum": "7a4c9c87a0d6e38cab1a5d6dad58932e"
        },
        {
          "type": "cssRules",
          "assetId": "Tn0Te_MMnNx_",
          "checksum": "7a4c9c87a0d6e38cab1a5d6dad58932e"
        },
        {
          "type": "renderModule",
          "assetId": "ObtPGRck0Wkf",
          "checksum": "2dc47d239622b617475a60b910550702"
        },
        {
          "type": "cssRules",
          "assetId": "ObtPGRck0Wkf",
          "checksum": "2dc47d239622b617475a60b910550702"
        },
        {
          "type": "renderModule",
          "assetId": "ISZyIeZUa5a1",
          "checksum": "78a070a60221c33a2b396594bef3ab4b"
        },
        {
          "type": "cssRules",
          "assetId": "ISZyIeZUa5a1",
          "checksum": "78a070a60221c33a2b396594bef3ab4b"
        },
        {
          "type": "renderModule",
          "assetId": "pBROTEEeXc0T",
          "checksum": "b3d99943b8f2334d9801be0bb085edbf"
        },
        {
          "type": "cssRules",
          "assetId": "pBROTEEeXc0T",
          "checksum": "b3d99943b8f2334d9801be0bb085edbf"
        },
        {
          "type": "renderModule",
          "assetId": "6pnm1N-z10Av",
          "checksum": "8f5c1c0f843d22b151c2aa5e8d172838"
        },
        {
          "type": "cssRules",
          "assetId": "6pnm1N-z10Av",
          "checksum": "8f5c1c0f843d22b151c2aa5e8d172838"
        },
        {
          "type": "renderModule",
          "assetId": "aMrjFD9af6Gq",
          "checksum": "2b23687fab62b86eaa95b8a58a05763e"
        },
        {
          "type": "cssRules",
          "assetId": "aMrjFD9af6Gq",
          "checksum": "2b23687fab62b86eaa95b8a58a05763e"
        },
        {
          "type": "renderModule",
          "assetId": "JdfqCrg9lc1c",
          "checksum": "fd015ee50928fce92476ead3948128f6"
        },
        {
          "type": "cssRules",
          "assetId": "JdfqCrg9lc1c",
          "checksum": "fd015ee50928fce92476ead3948128f6"
        },
        {
          "type": "renderModule",
          "assetId": "JitvjQAhtCa6",
          "checksum": "c1a14430a15a790256eebb5fb3ab397d"
        },
        {
          "type": "cssRules",
          "assetId": "JitvjQAhtCa6",
          "checksum": "c1a14430a15a790256eebb5fb3ab397d"
        },
        {
          "type": "renderModule",
          "assetId": "BkCodqCCsoY2",
          "checksum": "ebc455fe984f78302bc7dfd8ac367e11"
        },
        {
          "type": "cssRules",
          "assetId": "BkCodqCCsoY2",
          "checksum": "ebc455fe984f78302bc7dfd8ac367e11"
        },
        {
          "type": "renderModule",
          "assetId": "zP_cKEGTXXNN",
          "checksum": "0d34dc3e77bcef79402f9afd0d7105ea"
        },
        {
          "type": "cssRules",
          "assetId": "zP_cKEGTXXNN",
          "checksum": "0d34dc3e77bcef79402f9afd0d7105ea"
        },
        {
          "type": "renderModule",
          "assetId": "D7A7q8ep5H-w",
          "checksum": "5e7ad6c08b9c731dd7edb6ed87d973d3"
        },
        {
          "type": "cssRules",
          "assetId": "D7A7q8ep5H-w",
          "checksum": "5e7ad6c08b9c731dd7edb6ed87d973d3"
        },
        {
          "type": "renderModule",
          "assetId": "4RFOOGTthYlc",
          "checksum": "a2d8962d7ad1165f86441a644b6051f9"
        },
        {
          "type": "cssRules",
          "assetId": "4RFOOGTthYlc",
          "checksum": "a2d8962d7ad1165f86441a644b6051f9"
        },
        {
          "type": "icon",
          "assetId": "auyOUP-2W3mi",
          "checksum": "19deb397228c80ee12c8c3b727b1ce21"
        },
        {
          "type": "icon",
          "assetId": "od7gNJltDnEi",
          "checksum": "1f159e55abeaca363354828faaa3bf90"
        },
        {
          "type": "icon",
          "assetId": "wP4NsbSomwix",
          "checksum": "7272eb70285660c09baf3613bc607ab1"
        },
        {
          "type": "icon",
          "assetId": "u9MYD6bUjntU",
          "checksum": "e470a91e48d03f8d0ddbc4855ef7cabe"
        },
        {
          "type": "icon",
          "assetId": "7SG8AbDMFh4U",
          "checksum": "c950412f501c6a74f4847abe18041021"
        },
        {
          "type": "icon",
          "assetId": "2EUEIIyFxC0i",
          "checksum": "6f8a3ad309dbaaa8bc1c3edbec6db4d9"
        },
        {
          "type": "icon",
          "assetId": "wboILf_oTkNi",
          "checksum": "43f882d78fb07f881bf3785138cdb653"
        },
        {
          "type": "icon",
          "assetId": "GsRsPcQe_2xM",
          "checksum": "82c8273a93ffe772cc48d94bf08704cf"
        },
        {
          "type": "icon",
          "assetId": "PDU7GZUKO7JT",
          "checksum": "9dee16cfaf4be649b5af90a4bdd7f1c2"
        },
        {
          "type": "icon",
          "assetId": "daL_wPqrs3Jl",
          "checksum": "5c47820025b8da5bf3661cbb30ecea14"
        },
        {
          "type": "icon",
          "assetId": "F8IAZvmOnw53",
          "checksum": "004afce34b899aa455a24d21040cf308"
        },
        {
          "type": "icon",
          "assetId": "AGuD0dHmwnPL",
          "checksum": "c25f0fc96dbfb2d1593df2ca234feeaf"
        },
        {
          "type": "icon",
          "assetId": "eABtaZq7QszD",
          "checksum": "a90f9dc3ad28512f6891a62278a681a2"
        },
        {
          "type": "icon",
          "assetId": "MXNkhWk6hIaw",
          "checksum": "f7497f10d17c556c5aad12d917b15d21"
        },
        {
          "type": "icon",
          "assetId": "Z7B2WmLWTKMp",
          "checksum": "7420e7d1e2899010998dc19d81fe0075"
        },
        {
          "type": "icon",
          "assetId": "KkSDkf-D3kAV",
          "checksum": "de6fcb83e73a6fa64d5b9a71dd16e807"
        },
        {
          "type": "icon",
          "assetId": "ywUNQ0B2wZ4d",
          "checksum": "ccfd09d376546f9dd45229b105fbd1ab"
        },
        {
          "type": "icon",
          "assetId": "anIhRAxPeosY",
          "checksum": "39e071e22fccbbc5aef73b800e8b53b3"
        },
        {
          "type": "icon",
          "assetId": "yhcDC89YeMb5",
          "checksum": "665b0fb7f5b5aa5310224b77ee4e0c32"
        },
        {
          "type": "image",
          "assetId": "4hxGjSsLL_oh",
          "checksum": "c02557649feb7ecafb432bc10f5913e9"
        },
        {
          "type": "image",
          "assetId": "XRb7zcSn4zHv",
          "checksum": "cd58b98630dc66d13e5f982613d307f0"
        },
        {
          "type": "image",
          "assetId": "L645KglHudEP",
          "checksum": "6e781fd30ba04cdf843aa092dc5dd418"
        },
        {
          "type": "image",
          "assetId": "8c4jjz94xbSq",
          "checksum": "e67c3261c107b0f3b5a88ed7ada093db"
        },
        {
          "type": "image",
          "assetId": "90oQKVd24T3L",
          "checksum": "25d3f61b7e8ad375acb5c2b265a69706"
        },
        {
          "type": "image",
          "assetId": "9eNbnhOzChMH",
          "checksum": "2c2b27d5551b19f85d34f2bdb316b836"
        },
        {
          "type": "image",
          "assetId": "8qgmAxP2ciy6",
          "checksum": "a38204c1ea6a9b4d0ee0b9809c30d784"
        },
        {
          "type": "image",
          "assetId": "gjDkatrtGmkl",
          "checksum": "108b8971e22056f5162eb5813baae0ed"
        },
        {
          "type": "image",
          "assetId": "zqJXqMSxHabt",
          "checksum": "b0b34da1e2ded758945c0e4f16619fd3"
        },
        {
          "type": "image",
          "assetId": "dnltFVNqTjP_",
          "checksum": "03364b996d57900f6475c7b401b2bde3"
        },
        {
          "type": "image",
          "assetId": "YcqYVsNg8rwm",
          "checksum": "366e98c355e5354192c9d4fe0df11f46"
        },
        {
          "type": "image",
          "assetId": "dvjnMQR4dnPd",
          "checksum": "e09b62b8b34c2339ded42b8c9c8c9faf"
        },
        {
          "type": "image",
          "assetId": "9iKRRazLwgJw",
          "checksum": "82b78abb52792843b20f52b762e76d63"
        },
        {
          "type": "image",
          "assetId": "yi-H26PybywW",
          "checksum": "e9eba80bbb28c8be14a6ce6c1f199688"
        },
        {
          "type": "image",
          "assetId": "hZQwxR0Oezhw",
          "checksum": "5d529aaef08844a4ce6b535a079ec455"
        },
        {
          "type": "image",
          "assetId": "TBDjB1sojtEY",
          "checksum": "49f01dc3eafddc82294ac6b82d8e443f"
        },
        {
          "type": "image",
          "assetId": "_-2_09LjYMS_",
          "checksum": "693e7b5243de3fec20aa2eaedbc8ae7c"
        },
        {
          "type": "image",
          "assetId": "SpPRTbt4f9VE",
          "checksum": "2c8f8199abefed24248181400720ff3a"
        },
        {
          "type": "image",
          "assetId": "h8gcn9LgjILK",
          "checksum": "7a55d8bc2bdbac7e7cead8bbd09c3c87"
        },
        {
          "type": "image",
          "assetId": "4DEDqB-0JCVf",
          "checksum": "ac5f2bd7d72b7e786d92da3d02559cfc"
        },
        {
          "type": "image",
          "assetId": "cvFelgfKHF7L",
          "checksum": "a0c810764a27ff0750c5403f9afcda3a"
        },
        {
          "type": "image",
          "assetId": "xbI6Y4uUd_Iq",
          "checksum": "eb8020688d5dbe2079ed0369eae3d807"
        },
        {
          "type": "image",
          "assetId": "4ext2wt8hY2j",
          "checksum": "4d55a207f062a2187cdb72aa54033cdd"
        },
        {
          "type": "image",
          "assetId": "LJTidP7Vi8fN",
          "checksum": "4af9602de5c9ff9a3350737cd797cdab"
        },
        {
          "type": "image",
          "assetId": "8V58VLLo0ubu",
          "checksum": "12b954c647f99896522c797ce524a09b"
        },
        {
          "type": "image",
          "assetId": "yPfb21pTolqB",
          "checksum": "4d6dbe2c2c1f880dd89dae2412d9f930"
        },
        {
          "type": "image",
          "assetId": "jI77op8bI4ru",
          "checksum": "838868081f54d1953304db2920c22405"
        },
        {
          "type": "image",
          "assetId": "qpqtaZJdh-yY",
          "checksum": "9e231697e12112c1c1bd75007a463b1c"
        },
        {
          "type": "image",
          "assetId": "ey-yUNCeTQ2A",
          "checksum": "58faafe358c3b06d59a6c388b481609f"
        },
        {
          "type": "image",
          "assetId": "jkfyuVSbgsc1",
          "checksum": "30885683d16efbd21859dbe0c6a41ce6"
        },
        {
          "type": "image",
          "assetId": "otPkbRNTf2US",
          "checksum": "b068d02c40a612a36a39c64e802c4cf3"
        },
        {
          "type": "image",
          "assetId": "AFdANQvnL54x",
          "checksum": "46f90c73dc8af67ca306a2709c34a9e8"
        },
        {
          "type": "image",
          "assetId": "1kuV5nMRMqtc",
          "checksum": "c4f19eb52ba4ed369007c978e65c8b7d"
        },
        {
          "type": "image",
          "assetId": "OEGfL1XO1GZ7",
          "checksum": "f359db79fbc8baf303c829a23b86cbc3"
        },
        {
          "type": "image",
          "assetId": "VQZau1OYbffZ",
          "checksum": "41d76819d73ef3fb00c09c98e8768daa"
        },
        {
          "type": "image",
          "assetId": "yiVpnF0vKeTD",
          "checksum": "71eaefd019075d4442bc13c60ce7b9c6"
        },
        {
          "type": "image",
          "assetId": "iqKMXw1t8Pae",
          "checksum": "92f4e9860c459b727f98e124a5077772"
        },
        {
          "type": "image",
          "assetId": "drDGA79tKCLR",
          "checksum": "4be7bd2d31647dd5b2297bd72a33c1c9"
        },
        {
          "type": "image",
          "assetId": "FKP1yCUnOsxV",
          "checksum": "50a4e0379f13a5e83fa4b84cb2ea5514"
        },
        {
          "type": "image",
          "assetId": "hoMwNdPbyhh3",
          "checksum": "8c81bfd9cd6f07b7236dd21dd4166fe2"
        },
        {
          "type": "image",
          "assetId": "l17dE0FW1tQK",
          "checksum": "1e014b8ee8ba57c7fbd36553102abc60"
        },
        {
          "type": "image",
          "assetId": "rivClZTNsAAb",
          "checksum": "7b13fb0d424390224076d98a5f7dd8eb"
        },
        {
          "type": "image",
          "assetId": "9iVUJN5xroLR",
          "checksum": "835fd62523ba064af18858520ac833bf"
        },
        {
          "type": "image",
          "assetId": "9Bo96RjLpRvJ",
          "checksum": "4adf78a3ad07b09371ff94c3dce298c0"
        },
        {
          "type": "image",
          "assetId": "b3ilRne584BE",
          "checksum": "5a4233682c143a6416429eb10972dc37"
        },
        {
          "type": "image",
          "assetId": "UOnhg3TJsG7V",
          "checksum": "dc49a157135e60a747b00f52ec9d84b0"
        },
        {
          "type": "image",
          "assetId": "PwPU_q44Cgtx",
          "checksum": "de88c6d57065658ff9d87195aa6bc284"
        },
        {
          "type": "image",
          "assetId": "JXpedsvT4T39",
          "checksum": "4f55f74a005a5e742470720c02bf1a66"
        },
        {
          "type": "image",
          "assetId": "_UUQ7eE3_ERx",
          "checksum": "8e2a484c7fed60f36083781630a17464"
        },
        {
          "type": "image",
          "assetId": "pJUjIn5W-oKs",
          "checksum": "bb834e97e879901597a65d923d42dc5b"
        },
        {
          "type": "image",
          "assetId": "6Dpf4jj20OGo",
          "checksum": "0c873269bbd24fc6082ad71cf0f27852"
        },
        {
          "type": "image",
          "assetId": "qA1AiPYy1zNV",
          "checksum": "fb419686bf592e98916d1b05c00cb41e"
        },
        {
          "type": "image",
          "assetId": "PUr6ibobcPob",
          "checksum": "89de3f21a89baa20b8e560b7f52a2c2c"
        },
        {
          "type": "image",
          "assetId": "bUfuIkDVj4r7",
          "checksum": "b2caeadeb32edaa6d503312b03b3a258"
        },
        {
          "type": "image",
          "assetId": "VK03K05cCeSF",
          "checksum": "7fd206d60422567f4c703b59efd1fec1"
        },
        {
          "type": "image",
          "assetId": "-E6CQDsO5vT7",
          "checksum": "0cc853b4617e6f8aab955ac33270292d"
        },
        {
          "type": "image",
          "assetId": "GrQbuQUwPmaU",
          "checksum": "7155a14c77420d69420c907ed0c8ddc8"
        },
        {
          "type": "image",
          "assetId": "EXUQJSNXDce2",
          "checksum": "8ca95a10e9a3d9f903aebbb90d166a34"
        },
        {
          "type": "image",
          "assetId": "0FWmnjZ6h-fQ",
          "checksum": "1bec3520f5dcdb98e05f9f9bf72e3d04"
        },
        {
          "type": "image",
          "assetId": "LEZj06OVvSVF",
          "checksum": "40fcec07311f024d9d644cbdcdbabba5"
        },
        {
          "type": "image",
          "assetId": "zDhWocW1QpHR",
          "checksum": "a0670a08d3535aa9dd2be8502316fa7c"
        },
        {
          "type": "image",
          "assetId": "tsw1y7FO3wWL",
          "checksum": "586901d4efdb39a5e416322acf402c9d"
        },
        {
          "type": "image",
          "assetId": "cbYDlm2SME9G",
          "checksum": "610f6c28abaac74660a37e91b330b885"
        },
        {
          "type": "image",
          "assetId": "VLF7itBDgPFu",
          "checksum": "626507228e4f20ad9ec89327a10e1cf6"
        },
        {
          "type": "image",
          "assetId": "vQJB6VNW3d9e",
          "checksum": "a1ef14f93fa5109963d1f177b605721a"
        },
        {
          "type": "image",
          "assetId": "f_1igwplvlrq",
          "checksum": "ae5615ee3db251c61bf58a65261eb2eb"
        },
        {
          "type": "image",
          "assetId": "hucfanQ1Rpg3",
          "checksum": "c420274ce8b3bb730f0ea15b3bb64219"
        },
        {
          "type": "image",
          "assetId": "vP2DRJJ5hxBD",
          "checksum": "83cb7622d448036575836234240def6a"
        },
        {
          "type": "image",
          "assetId": "FMfbK_UfPtTe",
          "checksum": "53c4f9598dce1d31bfa9f3f8bf1b1f85"
        },
        {
          "type": "image",
          "assetId": "-zh8Gxc12Q0w",
          "checksum": "6c507d28769fb00854c559c5747f31ef"
        },
        {
          "type": "image",
          "assetId": "-LqtaH4fDLjX",
          "checksum": "b2d1071a54e828c7bd59fc7cabe5c68c"
        },
        {
          "type": "image",
          "assetId": "n6AtNLC8hLWw",
          "checksum": "b4d44533467976ec1700102abf98e8f8"
        },
        {
          "type": "image",
          "assetId": "jjQshSrOPqGk",
          "checksum": "c728ff4934e1620a20678e3526996859"
        },
        {
          "type": "image",
          "assetId": "zUqVuccMmbRo",
          "checksum": "d2dcd1190ca854d1dd8611648f322253"
        },
        {
          "type": "image",
          "assetId": "ok0OepGpQV7t",
          "checksum": "756422a64c20ecdf51a2d901edd5851e"
        },
        {
          "type": "image",
          "assetId": "XBWRivH7vBCo",
          "checksum": "806fc0d028233373f27baea2cefc48b7"
        },
        {
          "type": "image",
          "assetId": "DxwJTzJDykaA",
          "checksum": "8f293fe04244d9fae7dd4e805ec76441"
        },
        {
          "type": "image",
          "assetId": "xq7h4pWhSXHl",
          "checksum": "dc14a547c67dbf46d202b941385d5b98"
        },
        {
          "assetId": "jPA19T4wk6iEnxozV2UKzs",
          "type": "projectCss",
          "checksum": "430e1ed443fe4cf62332f329fc70c8a6"
        }
      ],
      "codegenVersion": "0.0.1"
    }
  ],
  "cliVersion": "0.1.330"
}
